// !$*UTF8*$!
{
	archiveVersion = 1;
	classes = {
	};
	objectVersion = 77;
	objects = {

/* Begin PBXContainerItemProxy section */
		6273C2472D4CD6600094BF2E /* PBXContainerItemProxy */ = {
			isa = PBXContainerItemProxy;
			containerPortal = 6273C22E2D4CD65F0094BF2E /* Project object */;
			proxyType = 1;
			remoteGlobalIDString = 6273C2352D4CD65F0094BF2E;
			remoteInfo = UWBScanner;
		};
		6273C2512D4CD6600094BF2E /* PBXContainerItemProxy */ = {
			isa = PBXContainerItemProxy;
			containerPortal = 6273C22E2D4CD65F0094BF2E /* Project object */;
			proxyType = 1;
			remoteGlobalIDString = 6273C2352D4CD65F0094BF2E;
			remoteInfo = UWBScanner;
		};
/* End PBXContainerItemProxy section */

/* Begin PBXFileReference section */
		6273C2362D4CD65F0094BF2E /* UWBScanner.app */ = {isa = PBXFileReference; explicitFileType = wrapper.application; includeInIndex = 0; path = UWBScanner.app; sourceTree = BUILT_PRODUCTS_DIR; };
		6273C2462D4CD6600094BF2E /* UWBScannerTests.xctest */ = {isa = PBXFileReference; explicitFileType = wrapper.cfbundle; includeInIndex = 0; path = UWBScannerTests.xctest; sourceTree = BUILT_PRODUCTS_DIR; };
		6273C2502D4CD6600094BF2E /* UWBScannerUITests.xctest */ = {isa = PBXFileReference; explicitFileType = wrapper.cfbundle; includeInIndex = 0; path = UWBScannerUITests.xctest; sourceTree = BUILT_PRODUCTS_DIR; };
/* End PBXFileReference section */

/* Begin PBXFileSystemSynchronizedBuildFileExceptionSet section */
		6273C2642D4CD7370094BF2E /* Exceptions for "UWBScanner" folder in "UWBScanner" target */ = {
			isa = PBXFileSystemSynchronizedBuildFileExceptionSet;
			membershipExceptions = (
				Info.plist,
			);
			target = 6273C2352D4CD65F0094BF2E /* UWBScanner */;
		};
/* End PBXFileSystemSynchronizedBuildFileExceptionSet section */

/* Begin PBXFileSystemSynchronizedRootGroup section */
		6273C2382D4CD65F0094BF2E /* UWBScanner */ = {
			isa = PBXFileSystemSynchronizedRootGroup;
			exceptions = (
				6273C2642D4CD7370094BF2E /* Exceptions for "UWBScanner" folder in "UWBScanner" target */,
			);
			path = UWBScanner;
			sourceTree = "<group>";
		};
		6273C2492D4CD6600094BF2E /* UWBScannerTests */ = {
			isa = PBXFileSystemSynchronizedRootGroup;
			path = UWBScannerTests;
			sourceTree = "<group>";
		};
		6273C2532D4CD6600094BF2E /* UWBScannerUITests */ = {
			isa = PBXFileSystemSynchronizedRootGroup;
			path = UWBScannerUITests;
			sourceTree = "<group>";
		};
/* End PBXFileSystemSynchronizedRootGroup section */

/* Begin PBXFrameworksBuildPhase section */
		6273C2332D4CD65F0094BF2E /* Frameworks */ = {
			isa = PBXFrameworksBuildPhase;
			buildActionMask = 2147483647;
			files = (
			);
			runOnlyForDeploymentPostprocessing = 0;
		};
		6273C2432D4CD6600094BF2E /* Frameworks */ = {
			isa = PBXFrameworksBuildPhase;
			buildActionMask = 2147483647;
			files = (
			);
			runOnlyForDeploymentPostprocessing = 0;
		};
		6273C24D2D4CD6600094BF2E /* Frameworks */ = {
			isa = PBXFrameworksBuildPhase;
			buildActionMask = 2147483647;
			files = (
			);
			runOnlyForDeploymentPostprocessing = 0;
		};
/* End PBXFrameworksBuildPhase section */

/* Begin PBXGroup section */
		6273C22D2D4CD65F0094BF2E = {
			isa = PBXGroup;
			children = (
				6273C2382D4CD65F0094BF2E /* UWBScanner */,
				6273C2492D4CD6600094BF2E /* UWBScannerTests */,
				6273C2532D4CD6600094BF2E /* UWBScannerUITests */,
				6273C2372D4CD65F0094BF2E /* Products */,
			);
			sourceTree = "<group>";
		};
		6273C2372D4CD65F0094BF2E /* Products */ = {
			isa = PBXGroup;
			children = (
				6273C2362D4CD65F0094BF2E /* UWBScanner.app */,
				6273C2462D4CD6600094BF2E /* UWBScannerTests.xctest */,
				6273C2502D4CD6600094BF2E /* UWBScannerUITests.xctest */,
			);
			name = Products;
			sourceTree = "<group>";
		};
/* End PBXGroup section */

/* Begin PBXNativeTarget section */
		6273C2352D4CD65F0094BF2E /* UWBScanner */ = {
			isa = PBXNativeTarget;
			buildConfigurationList = 6273C25A2D4CD6600094BF2E /* Build configuration list for PBXNativeTarget "UWBScanner" */;
			buildPhases = (
				6273C2322D4CD65F0094BF2E /* Sources */,
				6273C2332D4CD65F0094BF2E /* Frameworks */,
				6273C2342D4CD65F0094BF2E /* Resources */,
			);
			buildRules = (
			);
			dependencies = (
			);
			fileSystemSynchronizedGroups = (
				6273C2382D4CD65F0094BF2E /* UWBScanner */,
			);
			name = UWBScanner;
			packageProductDependencies = (
			);
			productName = UWBScanner;
			productReference = 6273C2362D4CD65F0094BF2E /* UWBScanner.app */;
			productType = "com.apple.product-type.application";
		};
		6273C2452D4CD6600094BF2E /* UWBScannerTests */ = {
			isa = PBXNativeTarget;
			buildConfigurationList = 6273C25D2D4CD6600094BF2E /* Build configuration list for PBXNativeTarget "UWBScannerTests" */;
			buildPhases = (
				6273C2422D4CD6600094BF2E /* Sources */,
				6273C2432D4CD6600094BF2E /* Frameworks */,
				6273C2442D4CD6600094BF2E /* Resources */,
			);
			buildRules = (
			);
			dependencies = (
				6273C2482D4CD6600094BF2E /* PBXTargetDependency */,
			);
			fileSystemSynchronizedGroups = (
				6273C2492D4CD6600094BF2E /* UWBScannerTests */,
			);
			name = UWBScannerTests;
			packageProductDependencies = (
			);
			productName = UWBScannerTests;
			productReference = 6273C2462D4CD6600094BF2E /* UWBScannerTests.xctest */;
			productType = "com.apple.product-type.bundle.unit-test";
		};
		6273C24F2D4CD6600094BF2E /* UWBScannerUITests */ = {
			isa = PBXNativeTarget;
			buildConfigurationList = 6273C2602D4CD6600094BF2E /* Build configuration list for PBXNativeTarget "UWBScannerUITests" */;
			buildPhases = (
				6273C24C2D4CD6600094BF2E /* Sources */,
				6273C24D2D4CD6600094BF2E /* Frameworks */,
				6273C24E2D4CD6600094BF2E /* Resources */,
			);
			buildRules = (
			);
			dependencies = (
				6273C2522D4CD6600094BF2E /* PBXTargetDependency */,
			);
			fileSystemSynchronizedGroups = (
				6273C2532D4CD6600094BF2E /* UWBScannerUITests */,
			);
			name = UWBScannerUITests;
			packageProductDependencies = (
			);
			productName = UWBScannerUITests;
			productReference = 6273C2502D4CD6600094BF2E /* UWBScannerUITests.xctest */;
			productType = "com.apple.product-type.bundle.ui-testing";
		};
/* End PBXNativeTarget section */

/* Begin PBXProject section */
		6273C22E2D4CD65F0094BF2E /* Project object */ = {
			isa = PBXProject;
			attributes = {
				BuildIndependentTargetsInParallel = 1;
				LastSwiftUpdateCheck = 1620;
				LastUpgradeCheck = 1620;
				TargetAttributes = {
					6273C2352D4CD65F0094BF2E = {
						CreatedOnToolsVersion = 16.2;
					};
					6273C2452D4CD6600094BF2E = {
						CreatedOnToolsVersion = 16.2;
						TestTargetID = 6273C2352D4CD65F0094BF2E;
					};
					6273C24F2D4CD6600094BF2E = {
						CreatedOnToolsVersion = 16.2;
						TestTargetID = 6273C2352D4CD65F0094BF2E;
					};
				};
			};
			buildConfigurationList = 6273C2312D4CD65F0094BF2E /* Build configuration list for PBXProject "UWBScanner" */;
			developmentRegion = en;
			hasScannedForEncodings = 0;
			knownRegions = (
				en,
				Base,
			);
			mainGroup = 6273C22D2D4CD65F0094BF2E;
			minimizedProjectReferenceProxies = 1;
			preferredProjectObjectVersion = 77;
			productRefGroup = 6273C2372D4CD65F0094BF2E /* Products */;
			projectDirPath = "";
			projectRoot = "";
			targets = (
				6273C2352D4CD65F0094BF2E /* UWBScanner */,
				6273C2452D4CD6600094BF2E /* UWBScannerTests */,
				6273C24F2D4CD6600094BF2E /* UWBScannerUITests */,
			);
		};
/* End PBXProject section */

/* Begin PBXResourcesBuildPhase section */
		6273C2342D4CD65F0094BF2E /* Resources */ = {
			isa = PBXResourcesBuildPhase;
			buildActionMask = 2147483647;
			files = (
			);
			runOnlyForDeploymentPostprocessing = 0;
		};
		6273C2442D4CD6600094BF2E /* Resources */ = {
			isa = PBXResourcesBuildPhase;
			buildActionMask = 2147483647;
			files = (
			);
			runOnlyForDeploymentPostprocessing = 0;
		};
		6273C24E2D4CD6600094BF2E /* Resources */ = {
			isa = PBXResourcesBuildPhase;
			buildActionMask = 2147483647;
			files = (
			);
			runOnlyForDeploymentPostprocessing = 0;
		};
/* End PBXResourcesBuildPhase section */

/* Begin PBXSourcesBuildPhase section */
		6273C2322D4CD65F0094BF2E /* Sources */ = {
			isa = PBXSourcesBuildPhase;
			buildActionMask = 2147483647;
			files = (
			);
			runOnlyForDeploymentPostprocessing = 0;
		};
		6273C2422D4CD6600094BF2E /* Sources */ = {
			isa = PBXSourcesBuildPhase;
			buildActionMask = 2147483647;
			files = (
			);
			runOnlyForDeploymentPostprocessing = 0;
		};
		6273C24C2D4CD6600094BF2E /* Sources */ = {
			isa = PBXSourcesBuildPhase;
			buildActionMask = 2147483647;
			files = (
			);
			runOnlyForDeploymentPostprocessing = 0;
		};
/* End PBXSourcesBuildPhase section */

/* Begin PBXTargetDependency section */
		6273C2482D4CD6600094BF2E /* PBXTargetDependency */ = {
			isa = PBXTargetDependency;
			target = 6273C2352D4CD65F0094BF2E /* UWBScanner */;
			targetProxy = 6273C2472D4CD6600094BF2E /* PBXContainerItemProxy */;
		};
		6273C2522D4CD6600094BF2E /* PBXTargetDependency */ = {
			isa = PBXTargetDependency;
			target = 6273C2352D4CD65F0094BF2E /* UWBScanner */;
			targetProxy = 6273C2512D4CD6600094BF2E /* PBXContainerItemProxy */;
		};
/* End PBXTargetDependency section */

/* Begin XCBuildConfiguration section */
		6273C2582D4CD6600094BF2E /* Debug */ = {
			isa = XCBuildConfiguration;
			buildSettings = {
				ALWAYS_SEARCH_USER_PATHS = NO;
				ASSETCATALOG_COMPILER_GENERATE_SWIFT_ASSET_SYMBOL_EXTENSIONS = YES;
				CLANG_ANALYZER_NONNULL = YES;
				CLANG_ANALYZER_NUMBER_OBJECT_CONVERSION = YES_AGGRESSIVE;
				CLANG_CXX_LANGUAGE_STANDARD = "gnu++20";
				CLANG_ENABLE_MODULES = YES;
				CLANG_ENABLE_OBJC_ARC = YES;
				CLANG_ENABLE_OBJC_WEAK = YES;
				CLANG_WARN_BLOCK_CAPTURE_AUTORELEASING = YES;
				CLANG_WARN_BOOL_CONVERSION = YES;
				CLANG_WARN_COMMA = YES;
				CLANG_WARN_CONSTANT_CONVERSION = YES;
				CLANG_WARN_DEPRECATED_OBJC_IMPLEMENTATIONS = YES;
				CLANG_WARN_DIRECT_OBJC_ISA_USAGE = YES_ERROR;
				CLANG_WARN_DOCUMENTATION_COMMENTS = YES;
				CLANG_WARN_EMPTY_BODY = YES;
				CLANG_WARN_ENUM_CONVERSION = YES;
				CLANG_WARN_INFINITE_RECURSION = YES;
				CLANG_WARN_INT_CONVERSION = YES;
				CLANG_WARN_NON_LITERAL_NULL_CONVERSION = YES;
				CLANG_WARN_OBJC_IMPLICIT_RETAIN_SELF = YES;
				CLANG_WARN_OBJC_LITERAL_CONVERSION = YES;
				CLANG_WARN_OBJC_ROOT_CLASS = YES_ERROR;
				CLANG_WARN_QUOTED_INCLUDE_IN_FRAMEWORK_HEADER = YES;
				CLANG_WARN_RANGE_LOOP_ANALYSIS = YES;
				CLANG_WARN_STRICT_PROTOTYPES = YES;
				CLANG_WARN_SUSPICIOUS_MOVE = YES;
				CLANG_WARN_UNGUARDED_AVAILABILITY = YES_AGGRESSIVE;
				CLANG_WARN_UNREACHABLE_CODE = YES;
				CLANG_WARN__DUPLICATE_METHOD_MATCH = YES;
				COPY_PHASE_STRIP = NO;
				DEBUG_INFORMATION_FORMAT = dwarf;
				ENABLE_STRICT_OBJC_MSGSEND = YES;
				ENABLE_TESTABILITY = YES;
				ENABLE_USER_SCRIPT_SANDBOXING = YES;
				GCC_C_LANGUAGE_STANDARD = gnu17;
				GCC_DYNAMIC_NO_PIC = NO;
				GCC_NO_COMMON_BLOCKS = YES;
				GCC_OPTIMIZATION_LEVEL = 0;
				GCC_PREPROCESSOR_DEFINITIONS = (
					"DEBUG=1",
					"$(inherited)",
				);
				GCC_WARN_64_TO_32_BIT_CONVERSION = YES;
				GCC_WARN_ABOUT_RETURN_TYPE = YES_ERROR;
				GCC_WARN_UNDECLARED_SELECTOR = YES;
				GCC_WARN_UNINITIALIZED_AUTOS = YES_AGGRESSIVE;
				GCC_WARN_UNUSED_FUNCTION = YES;
				GCC_WARN_UNUSED_VARIABLE = YES;
				IPHONEOS_DEPLOYMENT_TARGET = 18.2;
				LOCALIZATION_PREFERS_STRING_CATALOGS = YES;
				MTL_ENABLE_DEBUG_INFO = INCLUDE_SOURCE;
				MTL_FAST_MATH = YES;
				ONLY_ACTIVE_ARCH = YES;
				SDKROOT = iphoneos;
				SWIFT_ACTIVE_COMPILATION_CONDITIONS = "DEBUG $(inherited)";
				SWIFT_OPTIMIZATION_LEVEL = "-Onone";
			};
			name = Debug;
		};
		6273C2592D4CD6600094BF2E /* Release */ = {
			isa = XCBuildConfiguration;
			buildSettings = {
				ALWAYS_SEARCH_USER_PATHS = NO;
				ASSETCATALOG_COMPILER_GENERATE_SWIFT_ASSET_SYMBOL_EXTENSIONS = YES;
				CLANG_ANALYZER_NONNULL = YES;
				CLANG_ANALYZER_NUMBER_OBJECT_CONVERSION = YES_AGGRESSIVE;
				CLANG_CXX_LANGUAGE_STANDARD = "gnu++20";
				CLANG_ENABLE_MODULES = YES;
				CLANG_ENABLE_OBJC_ARC = YES;
				CLANG_ENABLE_OBJC_WEAK = YES;
				CLANG_WARN_BLOCK_CAPTURE_AUTORELEASING = YES;
				CLANG_WARN_BOOL_CONVERSION = YES;
				CLANG_WARN_COMMA = YES;
				CLANG_WARN_CONSTANT_CONVERSION = YES;
				CLANG_WARN_DEPRECATED_OBJC_IMPLEMENTATIONS = YES;
				CLANG_WARN_DIRECT_OBJC_ISA_USAGE = YES_ERROR;
				CLANG_WARN_DOCUMENTATION_COMMENTS = YES;
				CLANG_WARN_EMPTY_BODY = YES;
				CLANG_WARN_ENUM_CONVERSION = YES;
				CLANG_WARN_INFINITE_RECURSION = YES;
				CLANG_WARN_INT_CONVERSION = YES;
				CLANG_WARN_NON_LITERAL_NULL_CONVERSION = YES;
				CLANG_WARN_OBJC_IMPLICIT_RETAIN_SELF = YES;
				CLANG_WARN_OBJC_LITERAL_CONVERSION = YES;
				CLANG_WARN_OBJC_ROOT_CLASS = YES_ERROR;
				CLANG_WARN_QUOTED_INCLUDE_IN_FRAMEWORK_HEADER = YES;
				CLANG_WARN_RANGE_LOOP_ANALYSIS = YES;
				CLANG_WARN_STRICT_PROTOTYPES = YES;
				CLANG_WARN_SUSPICIOUS_MOVE = YES;
				CLANG_WARN_UNGUARDED_AVAILABILITY = YES_AGGRESSIVE;
				CLANG_WARN_UNREACHABLE_CODE = YES;
				CLANG_WARN__DUPLICATE_METHOD_MATCH = YES;
				COPY_PHASE_STRIP = NO;
				DEBUG_INFORMATION_FORMAT = "dwarf-with-dsym";
				ENABLE_NS_ASSERTIONS = NO;
				ENABLE_STRICT_OBJC_MSGSEND = YES;
				ENABLE_USER_SCRIPT_SANDBOXING = YES;
				GCC_C_LANGUAGE_STANDARD = gnu17;
				GCC_NO_COMMON_BLOCKS = YES;
				GCC_WARN_64_TO_32_BIT_CONVERSION = YES;
				GCC_WARN_ABOUT_RETURN_TYPE = YES_ERROR;
				GCC_WARN_UNDECLARED_SELECTOR = YES;
				GCC_WARN_UNINITIALIZED_AUTOS = YES_AGGRESSIVE;
				GCC_WARN_UNUSED_FUNCTION = YES;
				GCC_WARN_UNUSED_VARIABLE = YES;
				IPHONEOS_DEPLOYMENT_TARGET = 18.2;
				LOCALIZATION_PREFERS_STRING_CATALOGS = YES;
				MTL_ENABLE_DEBUG_INFO = NO;
				MTL_FAST_MATH = YES;
				SDKROOT = iphoneos;
				SWIFT_COMPILATION_MODE = wholemodule;
				VALIDATE_PRODUCT = YES;
			};
			name = Release;
		};
		6273C25B2D4CD6600094BF2E /* Debug */ = {
			isa = XCBuildConfiguration;
			buildSettings = {
				ASSETCATALOG_COMPILER_APPICON_NAME = AppIcon;
				ASSETCATALOG_COMPILER_GLOBAL_ACCENT_COLOR_NAME = AccentColor;
				CODE_SIGN_STYLE = Automatic;
				CURRENT_PROJECT_VERSION = 1;
				DEVELOPMENT_ASSET_PATHS = "\"UWBScanner/Preview Content\"";
				DEVELOPMENT_TEAM = U2S8Q8VES6;
				ENABLE_PREVIEWS = YES;
				GENERATE_INFOPLIST_FILE = YES;
				INFOPLIST_FILE = UWBScanner/Info.plist;
				INFOPLIST_KEY_NSBluetoothAlwaysUsageDescription = "Bluetooth is used to exchange Nearby Interaction configuration data with a connected accessory.";
				INFOPLIST_KEY_NSBluetoothPeripheralUsageDescription = "This app uses bluetooth to connect to a FiRa device, to exchange parameters and start UWB ranging";
				INFOPLIST_KEY_NSCameraUsageDescription = "This app uses the device camera to improve NI positioning, no image is taken or recorded.";
				INFOPLIST_KEY_NSLocationWhenInUseUsageDescription = "We need your location to provide compass information.";
				INFOPLIST_KEY_NSNearbyInteractionUsageDescription = "Demonstrate the Nearby Interaction third-party accessory API with a Bluetooth connected accessory";
				INFOPLIST_KEY_UIApplicationSceneManifest_Generation = YES;
				INFOPLIST_KEY_UIApplicationSupportsIndirectInputEvents = YES;
				INFOPLIST_KEY_UILaunchScreen_Generation = YES;
				INFOPLIST_KEY_UISupportedInterfaceOrientations_iPad = "UIInterfaceOrientationPortrait UIInterfaceOrientationPortraitUpsideDown UIInterfaceOrientationLandscapeLeft UIInterfaceOrientationLandscapeRight";
				INFOPLIST_KEY_UISupportedInterfaceOrientations_iPhone = "UIInterfaceOrientationPortrait UIInterfaceOrientationLandscapeLeft UIInterfaceOrientationLandscapeRight";
				IPHONEOS_DEPLOYMENT_TARGET = 18.0;
				LD_RUNPATH_SEARCH_PATHS = (
					"$(inherited)",
					"@executable_path/Frameworks",
				);
				MARKETING_VERSION = 1.0;
				PRODUCT_BUNDLE_IDENTIFIER = MattJunk.UWBScanner;
				PRODUCT_NAME = "$(TARGET_NAME)";
				SWIFT_EMIT_LOC_STRINGS = YES;
				SWIFT_VERSION = 5.0;
				TARGETED_DEVICE_FAMILY = "1,2";
			};
			name = Debug;
		};
		6273C25C2D4CD6600094BF2E /* Release */ = {
			isa = XCBuildConfiguration;
			buildSettings = {
				ASSETCATALOG_COMPILER_APPICON_NAME = AppIcon;
				ASSETCATALOG_COMPILER_GLOBAL_ACCENT_COLOR_NAME = AccentColor;
				CODE_SIGN_STYLE = Automatic;
				CURRENT_PROJECT_VERSION = 1;
				DEVELOPMENT_ASSET_PATHS = "\"UWBScanner/Preview Content\"";
				DEVELOPMENT_TEAM = U2S8Q8VES6;
				ENABLE_PREVIEWS = YES;
				GENERATE_INFOPLIST_FILE = YES;
				INFOPLIST_FILE = UWBScanner/Info.plist;
				INFOPLIST_KEY_NSBluetoothAlwaysUsageDescription = "Bluetooth is used to exchange Nearby Interaction configuration data with a connected accessory.";
				INFOPLIST_KEY_NSBluetoothPeripheralUsageDescription = "This app uses bluetooth to connect to a FiRa device, to exchange parameters and start UWB ranging";
				INFOPLIST_KEY_NSCameraUsageDescription = "This app uses the device camera to improve NI positioning, no image is taken or recorded.";
				INFOPLIST_KEY_NSLocationWhenInUseUsageDescription = "We need your location to provide compass information.";
				INFOPLIST_KEY_NSNearbyInteractionUsageDescription = "Demonstrate the Nearby Interaction third-party accessory API with a Bluetooth connected accessory";
				INFOPLIST_KEY_UIApplicationSceneManifest_Generation = YES;
				INFOPLIST_KEY_UIApplicationSupportsIndirectInputEvents = YES;
				INFOPLIST_KEY_UILaunchScreen_Generation = YES;
				INFOPLIST_KEY_UISupportedInterfaceOrientations_iPad = "UIInterfaceOrientationPortrait UIInterfaceOrientationPortraitUpsideDown UIInterfaceOrientationLandscapeLeft UIInterfaceOrientationLandscapeRight";
				INFOPLIST_KEY_UISupportedInterfaceOrientations_iPhone = "UIInterfaceOrientationPortrait UIInterfaceOrientationLandscapeLeft UIInterfaceOrientationLandscapeRight";
				IPHONEOS_DEPLOYMENT_TARGET = 18.0;
				LD_RUNPATH_SEARCH_PATHS = (
					"$(inherited)",
					"@executable_path/Frameworks",
				);
				MARKETING_VERSION = 1.0;
				PRODUCT_BUNDLE_IDENTIFIER = MattJunk.UWBScanner;
				PRODUCT_NAME = "$(TARGET_NAME)";
				SWIFT_EMIT_LOC_STRINGS = YES;
				SWIFT_VERSION = 5.0;
				TARGETED_DEVICE_FAMILY = "1,2";
			};
			name = Release;
		};
		6273C25E2D4CD6600094BF2E /* Debug */ = {
			isa = XCBuildConfiguration;
			buildSettings = {
				BUNDLE_LOADER = "$(TEST_HOST)";
				CODE_SIGN_STYLE = Automatic;
				CURRENT_PROJECT_VERSION = 1;
				DEVELOPMENT_TEAM = U2S8Q8VES6;
				GENERATE_INFOPLIST_FILE = YES;
				IPHONEOS_DEPLOYMENT_TARGET = 18.2;
				MARKETING_VERSION = 1.0;
				PRODUCT_BUNDLE_IDENTIFIER = MattJunk.UWBScannerTests;
				PRODUCT_NAME = "$(TARGET_NAME)";
				SWIFT_EMIT_LOC_STRINGS = NO;
				SWIFT_VERSION = 5.0;
				TARGETED_DEVICE_FAMILY = "1,2";
				TEST_HOST = "$(BUILT_PRODUCTS_DIR)/UWBScanner.app/$(BUNDLE_EXECUTABLE_FOLDER_PATH)/UWBScanner";
			};
			name = Debug;
		};
		6273C25F2D4CD6600094BF2E /* Release */ = {
			isa = XCBuildConfiguration;
			buildSettings = {
				BUNDLE_LOADER = "$(TEST_HOST)";
				CODE_SIGN_STYLE = Automatic;
				CURRENT_PROJECT_VERSION = 1;
				DEVELOPMENT_TEAM = U2S8Q8VES6;
				GENERATE_INFOPLIST_FILE = YES;
				IPHONEOS_DEPLOYMENT_TARGET = 18.2;
				MARKETING_VERSION = 1.0;
				PRODUCT_BUNDLE_IDENTIFIER = MattJunk.UWBScannerTests;
				PRODUCT_NAME = "$(TARGET_NAME)";
				SWIFT_EMIT_LOC_STRINGS = NO;
				SWIFT_VERSION = 5.0;
				TARGETED_DEVICE_FAMILY = "1,2";
				TEST_HOST = "$(BUILT_PRODUCTS_DIR)/UWBScanner.app/$(BUNDLE_EXECUTABLE_FOLDER_PATH)/UWBScanner";
			};
			name = Release;
		};
		6273C2612D4CD6600094BF2E /* Debug */ = {
			isa = XCBuildConfiguration;
			buildSettings = {
				CODE_SIGN_STYLE = Automatic;
				CURRENT_PROJECT_VERSION = 1;
				DEVELOPMENT_TEAM = U2S8Q8VES6;
				GENERATE_INFOPLIST_FILE = YES;
				MARKETING_VERSION = 1.0;
				PRODUCT_BUNDLE_IDENTIFIER = MattJunk.UWBScannerUITests;
				PRODUCT_NAME = "$(TARGET_NAME)";
				SWIFT_EMIT_LOC_STRINGS = NO;
				SWIFT_VERSION = 5.0;
				TARGETED_DEVICE_FAMILY = "1,2";
				TEST_TARGET_NAME = UWBScanner;
			};
			name = Debug;
		};
		6273C2622D4CD6600094BF2E /* Release */ = {
			isa = XCBuildConfiguration;
			buildSettings = {
				CODE_SIGN_STYLE = Automatic;
				CURRENT_PROJECT_VERSION = 1;
				DEVELOPMENT_TEAM = U2S8Q8VES6;
				GENERATE_INFOPLIST_FILE = YES;
				MARKETING_VERSION = 1.0;
				PRODUCT_BUNDLE_IDENTIFIER = MattJunk.UWBScannerUITests;
				PRODUCT_NAME = "$(TARGET_NAME)";
				SWIFT_EMIT_LOC_STRINGS = NO;
				SWIFT_VERSION = 5.0;
				TARGETED_DEVICE_FAMILY = "1,2";
				TEST_TARGET_NAME = UWBScanner;
			};
			name = Release;
		};
/* End XCBuildConfiguration section */

/* Begin XCConfigurationList section */
		6273C2312D4CD65F0094BF2E /* Build configuration list for PBXProject "UWBScanner" */ = {
			isa = XCConfigurationList;
			buildConfigurations = (
				6273C2582D4CD6600094BF2E /* Debug */,
				6273C2592D4CD6600094BF2E /* Release */,
			);
			defaultConfigurationIsVisible = 0;
			defaultConfigurationName = Release;
		};
		6273C25A2D4CD6600094BF2E /* Build configuration list for PBXNativeTarget "UWBScanner" */ = {
			isa = XCConfigurationList;
			buildConfigurations = (
				6273C25B2D4CD6600094BF2E /* Debug */,
				6273C25C2D4CD6600094BF2E /* Release */,
			);
			defaultConfigurationIsVisible = 0;
			defaultConfigurationName = Release;
		};
		6273C25D2D4CD6600094BF2E /* Build configuration list for PBXNativeTarget "UWBScannerTests" */ = {
			isa = XCConfigurationList;
			buildConfigurations = (
				6273C25E2D4CD6600094BF2E /* Debug */,
				6273C25F2D4CD6600094BF2E /* Release */,
			);
			defaultConfigurationIsVisible = 0;
			defaultConfigurationName = Release;
		};
		6273C2602D4CD6600094BF2E /* Build configuration list for PBXNativeTarget "UWBScannerUITests" */ = {
			isa = XCConfigurationList;
			buildConfigurations = (
				6273C2612D4CD6600094BF2E /* Debug */,
				6273C2622D4CD6600094BF2E /* Release */,
			);
			defaultConfigurationIsVisible = 0;
			defaultConfigurationName = Release;
		};
/* End XCConfigurationList section */
	};
	rootObject = 6273C22E2D4CD65F0094BF2E /* Project object */;
}
